# This file was autogenerated by uv via the following command:
#    uv pip compile pyproject.toml --python-version 3.12 --output-file requirements.lock
absl-py==2.5.0
    # via mujoco
annotated-doc==0.0.5
    # via fastapi
annotated-types==0.8.0
    # via pydantic
anyio==4.15.1
    # via starlette
click==8.5.0
    # via uvicorn
etils==1.14.0
    # via mujoco
fastapi==0.141.1
    # via robot-platform (pyproject.toml)
fsspec==2026.9.0
    # via etils
glfw==2.10.2
    # via mujoco
h11==0.16.0
    # via uvicorn
idna==3.20
    # via anyio
mujoco==3.14.0
    # via robot-platform (pyproject.toml)
numpy==2.5.3
    # via
    #   robot-platform (pyproject.toml)
    #   mujoco
pydantic==2.13.5
    # via
    #   robot-platform (pyproject.toml)
    #   fastapi
pydantic-core==2.46.5
    # via pydantic
pyopengl==3.1.10
    # via mujoco
starlette==1.7.0
    # via fastapi
typing-extensions==4.16.0
    # via
    #   anyio
    #   etils
    #   fastapi
    #   pydantic
    #   pydantic-core
    #   starlette
    #   typing-inspection
typing-inspection==0.4.4
    # via
    #   fastapi
    #   pydantic
uvicorn==0.54.0
    # via robot-platform (pyproject.toml)
websockets==17.1
    # via mujoco
zipp==4.1.0
    # via etils
